{
  "version": 4,
  "terraform_version": "1.12.1",
  "serial": 2,
  "lineage": "6a6d6fff-8be2-9ade-9f01-ae5c32fdc433",
  "outputs": {
    "vpc_id": {
      "value": "vpc-06ae348d12bcdf53c",
      "type": "string"
    }
  },
  "resources": [
    {
      "mode": "managed",
      "type": "aws_vpc",
      "name": "main",
      "provider": "provider[\"registry.terraform.io/hashicorp/aws\"]",
      "instances": [
        {
          "schema_version": 1,
          "attributes": {
            "arn": "arn:aws:ec2:us-east-1:450248830839:vpc/vpc-06ae348d12bcdf53c",
            "assign_generated_ipv6_cidr_block": false,
            "cidr_block": "10.0.0.0/16",
            "default_network_acl_id": "acl-0915f7b81ca7eea3c",
            "default_route_table_id": "rtb-02d10c181572c4554",
            "default_security_group_id": "sg-077c2fd6ce0185c9c",
            "dhcp_options_id": "dopt-04fc2ea907321d450",
            "enable_dns_hostnames": true,
            "enable_dns_support": true,
            "enable_network_address_usage_metrics": false,
            "id": "vpc-06ae348d12bcdf53c",
            "instance_tenancy": "default",
            "ipv4_ipam_pool_id": null,
            "ipv4_netmask_length": null,
            "ipv6_association_id": "",
            "ipv6_cidr_block": "",
            "ipv6_cidr_block_network_border_group": "",
            "ipv6_ipam_pool_id": "",
            "ipv6_netmask_length": 0,
            "main_route_table_id": "rtb-02d10c181572c4554",
            "owner_id": "450248830839",
            "tags": {
              "Name": "obligatorio-vpc"
            },
            "tags_all": {
              "Name": "obligatorio-vpc"
            }
          },
          "sensitive_attributes": [],
          "identity_schema_version": 0,
          "private": "eyJzY2hlbWFfdmVyc2lvbiI6IjEifQ=="
        }
      ]
    }
  ],
  "check_results": null
}
